{
    "requires": true,
    "lockfileVersion": 1,
    "dependencies": {
        "chroma-js": {
            "version": "1.3.7",
            "resolved": "https://registry.npmjs.org/chroma-js/-/chroma-js-1.3.7.tgz",
            "integrity": "sha512-ARq0P94NObL8hdQbgc+E33X9OHiNzdHO7epe3nC/KgxNRxkQcFpzNqnGeFjvOY2GxfVhbia686NXD2jByb1o0g=="
        },
        "leaflet": {
            "version": "1.3.3",
            "resolved": "https://registry.npmjs.org/leaflet/-/leaflet-1.3.3.tgz",
            "integrity": "sha512-R9Cu5s0bdEXb9zh0nU17pV00IEvRh4xpWR9g1Oqz17jEDuMtkhy6DoYN1Q5WjvoDMRmq389zDVueUs9A2uWZSg=="
        },
        "vue": {
            "version": "2.5.17",
            "resolved": "https://registry.npmjs.org/vue/-/vue-2.5.17.tgz",
            "integrity": "sha512-mFbcWoDIJi0w0Za4emyLiW72Jae0yjANHbCVquMKijcavBGypqlF7zHRgMa5k4sesdv7hv2rB4JPdZfR+TPfhQ==",
            "dev": true
        },
        "vue-choropleth": {
            "version": "0.1.2",
            "resolved": "https://registry.npmjs.org/vue-choropleth/-/vue-choropleth-0.1.2.tgz",
            "integrity": "sha512-sbgV7hh6ChWVux5/Izv5jqg5XzgpQaVBMHEK4UZ53SzNJ6N0UnLIw8nPoeGPDfFFuKuSC7zi9p0UOsJjMe/0MQ==",
            "requires": {
                "chroma-js": "1.3.7",
                "leaflet": "1.3.3",
                "vue2-leaflet": "0.0.58"
            }
        },
        "vue-static-terminal": {
            "version": "1.0.2",
            "resolved": "https://registry.npmjs.org/vue-static-terminal/-/vue-static-terminal-1.0.2.tgz",
            "integrity": "sha512-ovO6gpMElNwSlyzMqEjyg6dHxrLbsQ9c+qduocjIRbQ6qqVwf8kMSshbe226piLzde6WnhKQtclxtl8jtNjsOQ=="
        },
        "vue2-leaflet": {
            "version": "0.0.58",
            "resolved": "https://registry.npmjs.org/vue2-leaflet/-/vue2-leaflet-0.0.58.tgz",
            "integrity": "sha1-rP0PdTApLGCJOgtbPPZI8G3lMNE=",
            "requires": {
                "leaflet": "1.3.3"
            }
        }
    }
}
